
Microsoft Visual Studio Solution File, Format Version 12.00
# Visual Studio Version 17
VisualStudioVersion = 17.14.36301.6 d17.14
MinimumVisualStudioVersion = 10.0.40219.1
Project("{FAE04EC0-301F-11D3-BF4B-00C04F79EFBC}") = "PartialView", "PartialView\PartialView.csproj", "{1ACD89C8-3A05-4984-AFED-5774DB0C29AD}"
EndProject
Global
	GlobalSection(SolutionConfigurationPlatforms) = preSolution
		Debug|Any CPU = Debug|Any CPU
		Release|Any CPU = Release|Any CPU
	EndGlobalSection
	GlobalSection(ProjectConfigurationPlatforms) = postSolution
		{1ACD89C8-3A05-4984-AFED-5774DB0C29AD}.Debug|Any CPU.ActiveCfg = Debug|Any CPU
		{1ACD89C8-3A05-4984-AFED-5774DB0C29AD}.Debug|Any CPU.Build.0 = Debug|Any CPU
		{1ACD89C8-3A05-4984-AFED-5774DB0C29AD}.Release|Any CPU.ActiveCfg = Release|Any CPU
		{1ACD89C8-3A05-4984-AFED-5774DB0C29AD}.Release|Any CPU.Build.0 = Release|Any CPU
	EndGlobalSection
	GlobalSection(SolutionProperties) = preSolution
		HideSolutionNode = FALSE
	EndGlobalSection
	GlobalSection(ExtensibilityGlobals) = postSolution
		SolutionGuid = {49432B0F-73FD-498C-AE08-C1445F1A466B}
	EndGlobalSection
EndGlobal
